// !$*UTF8*$!
{
	archiveVersion = 1;
	classes = {
	};
	objectVersion = 50;
	objects = {

/* Begin PBXBuildFile section */
		C692AD832382159000C6B89C /* proj6data1.txt in CopyFiles */ = {isa = PBXBuildFile; fileRef = C692AD822382157E00C6B89C /* proj6data1.txt */; };
		C692AD892382225E00C6B89C /* proj6data2.txt in CopyFiles */ = {isa = PBXBuildFile; fileRef = C692AD882382225300C6B89C /* proj6data2.txt */; };
		C692AD8A2382225E00C6B89C /* proj6data3.txt in CopyFiles */ = {isa = PBXBuildFile; fileRef = C692AD842382225300C6B89C /* proj6data3.txt */; };
		C692AD8B2382225E00C6B89C /* proj6data4.txt in CopyFiles */ = {isa = PBXBuildFile; fileRef = C692AD862382225300C6B89C /* proj6data4.txt */; };
		C692AD8C2382225E00C6B89C /* proj6data5.txt in CopyFiles */ = {isa = PBXBuildFile; fileRef = C692AD852382225300C6B89C /* proj6data5.txt */; };
		C692AD8D2382225E00C6B89C /* proj6data6.txt in CopyFiles */ = {isa = PBXBuildFile; fileRef = C692AD872382225300C6B89C /* proj6data6.txt */; };
		C6C649312381D9330025FFC4 /* vkiril2Proj7.cpp in Sources */ = {isa = PBXBuildFile; fileRef = C6C649302381D9330025FFC4 /* vkiril2Proj7.cpp */; };
		C6C649392381D94E0025FFC4 /* Island.cpp in Sources */ = {isa = PBXBuildFile; fileRef = C6C649372381D94E0025FFC4 /* Island.cpp */; };
		C6C6493C2381DACB0025FFC4 /* Archipelago.cpp in Sources */ = {isa = PBXBuildFile; fileRef = C6C6493A2381DACB0025FFC4 /* Archipelago.cpp */; };
		C6C6493F2381E3800025FFC4 /* MyList.cpp in Sources */ = {isa = PBXBuildFile; fileRef = C6C6493D2381E3800025FFC4 /* MyList.cpp */; };
		C6DDE9F42384E368002AC398 /* makefile in Sources */ = {isa = PBXBuildFile; fileRef = C6DDE9F32384E368002AC398 /* makefile */; };
/* End PBXBuildFile section */

/* Begin PBXCopyFilesBuildPhase section */
		C6C6492B2381D9330025FFC4 /* CopyFiles */ = {
			isa = PBXCopyFilesBuildPhase;
			buildActionMask = 12;
			dstPath = "";
			dstSubfolderSpec = 16;
			files = (
				C692AD832382159000C6B89C /* proj6data1.txt in CopyFiles */,
				C692AD892382225E00C6B89C /* proj6data2.txt in CopyFiles */,
				C692AD8A2382225E00C6B89C /* proj6data3.txt in CopyFiles */,
				C692AD8B2382225E00C6B89C /* proj6data4.txt in CopyFiles */,
				C692AD8C2382225E00C6B89C /* proj6data5.txt in CopyFiles */,
				C692AD8D2382225E00C6B89C /* proj6data6.txt in CopyFiles */,
			);
			runOnlyForDeploymentPostprocessing = 0;
		};
/* End PBXCopyFilesBuildPhase section */

/* Begin PBXFileReference section */
		C68D6FD22395787A00414ED7 /* MyStack.hpp */ = {isa = PBXFileReference; lastKnownFileType = sourcecode.cpp.h; path = MyStack.hpp; sourceTree = "<group>"; };
		C692AD822382157E00C6B89C /* proj6data1.txt */ = {isa = PBXFileReference; fileEncoding = 4; lastKnownFileType = text; path = proj6data1.txt; sourceTree = "<group>"; };
		C692AD842382225300C6B89C /* proj6data3.txt */ = {isa = PBXFileReference; fileEncoding = 4; lastKnownFileType = text; path = proj6data3.txt; sourceTree = "<group>"; };
		C692AD852382225300C6B89C /* proj6data5.txt */ = {isa = PBXFileReference; fileEncoding = 4; lastKnownFileType = text; path = proj6data5.txt; sourceTree = "<group>"; };
		C692AD862382225300C6B89C /* proj6data4.txt */ = {isa = PBXFileReference; fileEncoding = 4; lastKnownFileType = text; path = proj6data4.txt; sourceTree = "<group>"; };
		C692AD872382225300C6B89C /* proj6data6.txt */ = {isa = PBXFileReference; fileEncoding = 4; lastKnownFileType = text; path = proj6data6.txt; sourceTree = "<group>"; };
		C692AD882382225300C6B89C /* proj6data2.txt */ = {isa = PBXFileReference; fileEncoding = 4; lastKnownFileType = text; path = proj6data2.txt; sourceTree = "<group>"; };
		C6C6492D2381D9330025FFC4 /* CS 211 Program 7 Archipelago BFS */ = {isa = PBXFileReference; explicitFileType = "compiled.mach-o.executable"; includeInIndex = 0; path = "CS 211 Program 7 Archipelago BFS"; sourceTree = BUILT_PRODUCTS_DIR; };
		C6C649302381D9330025FFC4 /* vkiril2Proj7.cpp */ = {isa = PBXFileReference; lastKnownFileType = sourcecode.cpp.cpp; path = vkiril2Proj7.cpp; sourceTree = "<group>"; };
		C6C649372381D94E0025FFC4 /* Island.cpp */ = {isa = PBXFileReference; lastKnownFileType = sourcecode.cpp.cpp; path = Island.cpp; sourceTree = "<group>"; };
		C6C649382381D94E0025FFC4 /* Island.hpp */ = {isa = PBXFileReference; lastKnownFileType = sourcecode.cpp.h; path = Island.hpp; sourceTree = "<group>"; };
		C6C6493A2381DACB0025FFC4 /* Archipelago.cpp */ = {isa = PBXFileReference; lastKnownFileType = sourcecode.cpp.cpp; path = Archipelago.cpp; sourceTree = "<group>"; };
		C6C6493B2381DACB0025FFC4 /* Archipelago.hpp */ = {isa = PBXFileReference; lastKnownFileType = sourcecode.cpp.h; path = Archipelago.hpp; sourceTree = "<group>"; };
		C6C6493D2381E3800025FFC4 /* MyList.cpp */ = {isa = PBXFileReference; lastKnownFileType = sourcecode.cpp.cpp; path = MyList.cpp; sourceTree = "<group>"; };
		C6C6493E2381E3800025FFC4 /* MyList.hpp */ = {isa = PBXFileReference; lastKnownFileType = sourcecode.cpp.h; path = MyList.hpp; sourceTree = "<group>"; };
		C6DDE9F32384E368002AC398 /* makefile */ = {isa = PBXFileReference; lastKnownFileType = sourcecode.make; path = makefile; sourceTree = "<group>"; };
/* End PBXFileReference section */

/* Begin PBXFrameworksBuildPhase section */
		C6C6492A2381D9330025FFC4 /* Frameworks */ = {
			isa = PBXFrameworksBuildPhase;
			buildActionMask = 2147483647;
			files = (
			);
			runOnlyForDeploymentPostprocessing = 0;
		};
/* End PBXFrameworksBuildPhase section */

/* Begin PBXGroup section */
		C692AD812382156500C6B89C /* input */ = {
			isa = PBXGroup;
			children = (
				C692AD822382157E00C6B89C /* proj6data1.txt */,
				C692AD882382225300C6B89C /* proj6data2.txt */,
				C692AD842382225300C6B89C /* proj6data3.txt */,
				C692AD862382225300C6B89C /* proj6data4.txt */,
				C692AD852382225300C6B89C /* proj6data5.txt */,
				C692AD872382225300C6B89C /* proj6data6.txt */,
			);
			path = input;
			sourceTree = "<group>";
		};
		C6C649242381D9330025FFC4 = {
			isa = PBXGroup;
			children = (
				C6C6492F2381D9330025FFC4 /* CS 211 Program 7 Archipelago */,
				C6C6492E2381D9330025FFC4 /* Products */,
			);
			sourceTree = "<group>";
		};
		C6C6492E2381D9330025FFC4 /* Products */ = {
			isa = PBXGroup;
			children = (
				C6C6492D2381D9330025FFC4 /* CS 211 Program 7 Archipelago BFS */,
			);
			name = Products;
			sourceTree = "<group>";
		};
		C6C6492F2381D9330025FFC4 /* CS 211 Program 7 Archipelago */ = {
			isa = PBXGroup;
			children = (
				C692AD812382156500C6B89C /* input */,
				C6C6493B2381DACB0025FFC4 /* Archipelago.hpp */,
				C6C6493A2381DACB0025FFC4 /* Archipelago.cpp */,
				C6C6493E2381E3800025FFC4 /* MyList.hpp */,
				C68D6FD22395787A00414ED7 /* MyStack.hpp */,
				C6C6493D2381E3800025FFC4 /* MyList.cpp */,
				C6C649382381D94E0025FFC4 /* Island.hpp */,
				C6C649372381D94E0025FFC4 /* Island.cpp */,
				C6C649302381D9330025FFC4 /* vkiril2Proj7.cpp */,
				C6DDE9F32384E368002AC398 /* makefile */,
			);
			path = "CS 211 Program 7 Archipelago";
			sourceTree = "<group>";
		};
/* End PBXGroup section */

/* Begin PBXNativeTarget section */
		C6C6492C2381D9330025FFC4 /* CS 211 Program 7 Archipelago BFS */ = {
			isa = PBXNativeTarget;
			buildConfigurationList = C6C649342381D9330025FFC4 /* Build configuration list for PBXNativeTarget "CS 211 Program 7 Archipelago BFS" */;
			buildPhases = (
				C6C649292381D9330025FFC4 /* Sources */,
				C6C6492A2381D9330025FFC4 /* Frameworks */,
				C6C6492B2381D9330025FFC4 /* CopyFiles */,
			);
			buildRules = (
			);
			dependencies = (
			);
			name = "CS 211 Program 7 Archipelago BFS";
			productName = "CS 211 Program 6 Archipelago";
			productReference = C6C6492D2381D9330025FFC4 /* CS 211 Program 7 Archipelago BFS */;
			productType = "com.apple.product-type.tool";
		};
/* End PBXNativeTarget section */

/* Begin PBXProject section */
		C6C649252381D9330025FFC4 /* Project object */ = {
			isa = PBXProject;
			attributes = {
				LastUpgradeCheck = 1120;
				ORGANIZATIONNAME = "Viktor Kirillov";
				TargetAttributes = {
					C6C6492C2381D9330025FFC4 = {
						CreatedOnToolsVersion = 11.2.1;
					};
				};
			};
			buildConfigurationList = C6C649282381D9330025FFC4 /* Build configuration list for PBXProject "CS 211 Program 7 Archipelago BFS" */;
			compatibilityVersion = "Xcode 9.3";
			developmentRegion = en;
			hasScannedForEncodings = 0;
			knownRegions = (
				en,
				Base,
			);
			mainGroup = C6C649242381D9330025FFC4;
			productRefGroup = C6C6492E2381D9330025FFC4 /* Products */;
			projectDirPath = "";
			projectRoot = "";
			targets = (
				C6C6492C2381D9330025FFC4 /* CS 211 Program 7 Archipelago BFS */,
			);
		};
/* End PBXProject section */

/* Begin PBXSourcesBuildPhase section */
		C6C649292381D9330025FFC4 /* Sources */ = {
			isa = PBXSourcesBuildPhase;
			buildActionMask = 2147483647;
			files = (
				C6C6493C2381DACB0025FFC4 /* Archipelago.cpp in Sources */,
				C6C6493F2381E3800025FFC4 /* MyList.cpp in Sources */,
				C6C649392381D94E0025FFC4 /* Island.cpp in Sources */,
				C6C649312381D9330025FFC4 /* vkiril2Proj7.cpp in Sources */,
				C6DDE9F42384E368002AC398 /* makefile in Sources */,
			);
			runOnlyForDeploymentPostprocessing = 0;
		};
/* End PBXSourcesBuildPhase section */

/* Begin XCBuildConfiguration section */
		C6C649322381D9330025FFC4 /* Debug */ = {
			isa = XCBuildConfiguration;
			buildSettings = {
				ALWAYS_SEARCH_USER_PATHS = NO;
				CLANG_ANALYZER_NONNULL = YES;
				CLANG_ANALYZER_NUMBER_OBJECT_CONVERSION = YES_AGGRESSIVE;
				CLANG_CXX_LANGUAGE_STANDARD = "gnu++14";
				CLANG_CXX_LIBRARY = "libc++";
				CLANG_ENABLE_MODULES = YES;
				CLANG_ENABLE_OBJC_ARC = YES;
				CLANG_ENABLE_OBJC_WEAK = YES;
				CLANG_WARN_BLOCK_CAPTURE_AUTORELEASING = YES;
				CLANG_WARN_BOOL_CONVERSION = YES;
				CLANG_WARN_COMMA = YES;
				CLANG_WARN_CONSTANT_CONVERSION = YES;
				CLANG_WARN_DEPRECATED_OBJC_IMPLEMENTATIONS = YES;
				CLANG_WARN_DIRECT_OBJC_ISA_USAGE = YES_ERROR;
				CLANG_WARN_DOCUMENTATION_COMMENTS = YES;
				CLANG_WARN_EMPTY_BODY = YES;
				CLANG_WARN_ENUM_CONVERSION = YES;
				CLANG_WARN_INFINITE_RECURSION = YES;
				CLANG_WARN_INT_CONVERSION = YES;
				CLANG_WARN_NON_LITERAL_NULL_CONVERSION = YES;
				CLANG_WARN_OBJC_IMPLICIT_RETAIN_SELF = YES;
				CLANG_WARN_OBJC_LITERAL_CONVERSION = YES;
				CLANG_WARN_OBJC_ROOT_CLASS = YES_ERROR;
				CLANG_WARN_RANGE_LOOP_ANALYSIS = YES;
				CLANG_WARN_STRICT_PROTOTYPES = YES;
				CLANG_WARN_SUSPICIOUS_MOVE = YES;
				CLANG_WARN_UNGUARDED_AVAILABILITY = YES_AGGRESSIVE;
				CLANG_WARN_UNREACHABLE_CODE = YES;
				CLANG_WARN__DUPLICATE_METHOD_MATCH = YES;
				COPY_PHASE_STRIP = NO;
				DEBUG_INFORMATION_FORMAT = dwarf;
				ENABLE_STRICT_OBJC_MSGSEND = YES;
				ENABLE_TESTABILITY = YES;
				GCC_C_LANGUAGE_STANDARD = gnu11;
				GCC_DYNAMIC_NO_PIC = NO;
				GCC_NO_COMMON_BLOCKS = YES;
				GCC_OPTIMIZATION_LEVEL = 0;
				GCC_PREPROCESSOR_DEFINITIONS = (
					"DEBUG=1",
					"$(inherited)",
				);
				GCC_WARN_64_TO_32_BIT_CONVERSION = YES;
				GCC_WARN_ABOUT_RETURN_TYPE = YES_ERROR;
				GCC_WARN_UNDECLARED_SELECTOR = YES;
				GCC_WARN_UNINITIALIZED_AUTOS = YES_AGGRESSIVE;
				GCC_WARN_UNUSED_FUNCTION = YES;
				GCC_WARN_UNUSED_VARIABLE = YES;
				MACOSX_DEPLOYMENT_TARGET = 10.15;
				MTL_ENABLE_DEBUG_INFO = INCLUDE_SOURCE;
				MTL_FAST_MATH = YES;
				ONLY_ACTIVE_ARCH = YES;
				SDKROOT = macosx;
			};
			name = Debug;
		};
		C6C649332381D9330025FFC4 /* Release */ = {
			isa = XCBuildConfiguration;
			buildSettings = {
				ALWAYS_SEARCH_USER_PATHS = NO;
				CLANG_ANALYZER_NONNULL = YES;
				CLANG_ANALYZER_NUMBER_OBJECT_CONVERSION = YES_AGGRESSIVE;
				CLANG_CXX_LANGUAGE_STANDARD = "gnu++14";
				CLANG_CXX_LIBRARY = "libc++";
				CLANG_ENABLE_MODULES = YES;
				CLANG_ENABLE_OBJC_ARC = YES;
				CLANG_ENABLE_OBJC_WEAK = YES;
				CLANG_WARN_BLOCK_CAPTURE_AUTORELEASING = YES;
				CLANG_WARN_BOOL_CONVERSION = YES;
				CLANG_WARN_COMMA = YES;
				CLANG_WARN_CONSTANT_CONVERSION = YES;
				CLANG_WARN_DEPRECATED_OBJC_IMPLEMENTATIONS = YES;
				CLANG_WARN_DIRECT_OBJC_ISA_USAGE = YES_ERROR;
				CLANG_WARN_DOCUMENTATION_COMMENTS = YES;
				CLANG_WARN_EMPTY_BODY = YES;
				CLANG_WARN_ENUM_CONVERSION = YES;
				CLANG_WARN_INFINITE_RECURSION = YES;
				CLANG_WARN_INT_CONVERSION = YES;
				CLANG_WARN_NON_LITERAL_NULL_CONVERSION = YES;
				CLANG_WARN_OBJC_IMPLICIT_RETAIN_SELF = YES;
				CLANG_WARN_OBJC_LITERAL_CONVERSION = YES;
				CLANG_WARN_OBJC_ROOT_CLASS = YES_ERROR;
				CLANG_WARN_RANGE_LOOP_ANALYSIS = YES;
				CLANG_WARN_STRICT_PROTOTYPES = YES;
				CLANG_WARN_SUSPICIOUS_MOVE = YES;
				CLANG_WARN_UNGUARDED_AVAILABILITY = YES_AGGRESSIVE;
				CLANG_WARN_UNREACHABLE_CODE = YES;
				CLANG_WARN__DUPLICATE_METHOD_MATCH = YES;
				COPY_PHASE_STRIP = NO;
				DEBUG_INFORMATION_FORMAT = "dwarf-with-dsym";
				ENABLE_NS_ASSERTIONS = NO;
				ENABLE_STRICT_OBJC_MSGSEND = YES;
				GCC_C_LANGUAGE_STANDARD = gnu11;
				GCC_NO_COMMON_BLOCKS = YES;
				GCC_WARN_64_TO_32_BIT_CONVERSION = YES;
				GCC_WARN_ABOUT_RETURN_TYPE = YES_ERROR;
				GCC_WARN_UNDECLARED_SELECTOR = YES;
				GCC_WARN_UNINITIALIZED_AUTOS = YES_AGGRESSIVE;
				GCC_WARN_UNUSED_FUNCTION = YES;
				GCC_WARN_UNUSED_VARIABLE = YES;
				MACOSX_DEPLOYMENT_TARGET = 10.15;
				MTL_ENABLE_DEBUG_INFO = NO;
				MTL_FAST_MATH = YES;
				SDKROOT = macosx;
			};
			name = Release;
		};
		C6C649352381D9330025FFC4 /* Debug */ = {
			isa = XCBuildConfiguration;
			buildSettings = {
				CODE_SIGN_STYLE = Automatic;
				PRODUCT_NAME = "$(TARGET_NAME)";
			};
			name = Debug;
		};
		C6C649362381D9330025FFC4 /* Release */ = {
			isa = XCBuildConfiguration;
			buildSettings = {
				CODE_SIGN_STYLE = Automatic;
				PRODUCT_NAME = "$(TARGET_NAME)";
			};
			name = Release;
		};
/* End XCBuildConfiguration section */

/* Begin XCConfigurationList section */
		C6C649282381D9330025FFC4 /* Build configuration list for PBXProject "CS 211 Program 7 Archipelago BFS" */ = {
			isa = XCConfigurationList;
			buildConfigurations = (
				C6C649322381D9330025FFC4 /* Debug */,
				C6C649332381D9330025FFC4 /* Release */,
			);
			defaultConfigurationIsVisible = 0;
			defaultConfigurationName = Release;
		};
		C6C649342381D9330025FFC4 /* Build configuration list for PBXNativeTarget "CS 211 Program 7 Archipelago BFS" */ = {
			isa = XCConfigurationList;
			buildConfigurations = (
				C6C649352381D9330025FFC4 /* Debug */,
				C6C649362381D9330025FFC4 /* Release */,
			);
			defaultConfigurationIsVisible = 0;
			defaultConfigurationName = Release;
		};
/* End XCConfigurationList section */
	};
	rootObject = C6C649252381D9330025FFC4 /* Project object */;
}
